
Microsoft Visual Studio Solution File, Format Version 12.00
# Visual Studio Version 17
VisualStudioVersion = 17.0.31903.59
MinimumVisualStudioVersion = 10.0.40219.1
Project("{FAE04EC0-301F-11D3-BF4B-00C04F79EFBC}") = "API", "API\API.csproj", "{5C0945C9-7022-44F2-A279-2DC5A84A6FA1}"
EndProject
Project("{FAE04EC0-301F-11D3-BF4B-00C04F79EFBC}") = "Application", "Application\Application.csproj", "{E10CACEA-1FF7-4995-822B-FF859FB1A8A3}"
EndProject
Project("{FAE04EC0-301F-11D3-BF4B-00C04F79EFBC}") = "Domain", "Domain\Domain.csproj", "{D767A31A-B997-4B22-ACCD-4572B80054EC}"
EndProject
Project("{FAE04EC0-301F-11D3-BF4B-00C04F79EFBC}") = "Persistence", "Persistence\Persistence.csproj", "{E9F841AE-4C2F-47FA-ABE1-61B2A45127DD}"
EndProject
Global
	GlobalSection(SolutionConfigurationPlatforms) = preSolution
		Debug|Any CPU = Debug|Any CPU
		Release|Any CPU = Release|Any CPU
	EndGlobalSection
	GlobalSection(SolutionProperties) = preSolution
		HideSolutionNode = FALSE
	EndGlobalSection
	GlobalSection(ProjectConfigurationPlatforms) = postSolution
		{5C0945C9-7022-44F2-A279-2DC5A84A6FA1}.Debug|Any CPU.ActiveCfg = Debug|Any CPU
		{5C0945C9-7022-44F2-A279-2DC5A84A6FA1}.Debug|Any CPU.Build.0 = Debug|Any CPU
		{5C0945C9-7022-44F2-A279-2DC5A84A6FA1}.Release|Any CPU.ActiveCfg = Release|Any CPU
		{5C0945C9-7022-44F2-A279-2DC5A84A6FA1}.Release|Any CPU.Build.0 = Release|Any CPU
		{E10CACEA-1FF7-4995-822B-FF859FB1A8A3}.Debug|Any CPU.ActiveCfg = Debug|Any CPU
		{E10CACEA-1FF7-4995-822B-FF859FB1A8A3}.Debug|Any CPU.Build.0 = Debug|Any CPU
		{E10CACEA-1FF7-4995-822B-FF859FB1A8A3}.Release|Any CPU.ActiveCfg = Release|Any CPU
		{E10CACEA-1FF7-4995-822B-FF859FB1A8A3}.Release|Any CPU.Build.0 = Release|Any CPU
		{D767A31A-B997-4B22-ACCD-4572B80054EC}.Debug|Any CPU.ActiveCfg = Debug|Any CPU
		{D767A31A-B997-4B22-ACCD-4572B80054EC}.Debug|Any CPU.Build.0 = Debug|Any CPU
		{D767A31A-B997-4B22-ACCD-4572B80054EC}.Release|Any CPU.ActiveCfg = Release|Any CPU
		{D767A31A-B997-4B22-ACCD-4572B80054EC}.Release|Any CPU.Build.0 = Release|Any CPU
		{E9F841AE-4C2F-47FA-ABE1-61B2A45127DD}.Debug|Any CPU.ActiveCfg = Debug|Any CPU
		{E9F841AE-4C2F-47FA-ABE1-61B2A45127DD}.Debug|Any CPU.Build.0 = Debug|Any CPU
		{E9F841AE-4C2F-47FA-ABE1-61B2A45127DD}.Release|Any CPU.ActiveCfg = Release|Any CPU
		{E9F841AE-4C2F-47FA-ABE1-61B2A45127DD}.Release|Any CPU.Build.0 = Release|Any CPU
	EndGlobalSection
EndGlobal
